// !$*UTF8*$!
{
	archiveVersion = 1;
	classes = {
	};
	objectVersion = 50;
	objects = {

/* Begin PBXBuildFile section */
		223D80DA23E241E2002F5DFA /* DetalheObjViewController.swift in Sources */ = {isa = PBXBuildFile; fileRef = 223D80D923E241E2002F5DFA /* DetalheObjViewController.swift */; };
		223D80DC23E3B014002F5DFA /* ReflexCollectionViewCell.swift in Sources */ = {isa = PBXBuildFile; fileRef = 223D80DB23E3B014002F5DFA /* ReflexCollectionViewCell.swift */; };
		223D80DE23E3B06A002F5DFA /* ReflexaoViewController.swift in Sources */ = {isa = PBXBuildFile; fileRef = 223D80DD23E3B06A002F5DFA /* ReflexaoViewController.swift */; };
		223D80E023E3B078002F5DFA /* NovaReflexViewController.swift in Sources */ = {isa = PBXBuildFile; fileRef = 223D80DF23E3B078002F5DFA /* NovaReflexViewController.swift */; };
		223D80E223E3B088002F5DFA /* DetalheReflexViewController.swift in Sources */ = {isa = PBXBuildFile; fileRef = 223D80E123E3B088002F5DFA /* DetalheReflexViewController.swift */; };
		22CC81B723DA738000058EC1 /* Objetivos.swift in Sources */ = {isa = PBXBuildFile; fileRef = 22CC81B623DA738000058EC1 /* Objetivos.swift */; };
		22CC81B923DA74A700058EC1 /* Reflexao.swift in Sources */ = {isa = PBXBuildFile; fileRef = 22CC81B823DA74A700058EC1 /* Reflexao.swift */; };
		22CC81BD23DB915D00058EC1 /* ObjCollectionViewCell.swift in Sources */ = {isa = PBXBuildFile; fileRef = 22CC81BC23DB915D00058EC1 /* ObjCollectionViewCell.swift */; };
		22EFB15923D8F9ED002D35B1 /* AppDelegate.swift in Sources */ = {isa = PBXBuildFile; fileRef = 22EFB15823D8F9ED002D35B1 /* AppDelegate.swift */; };
		22EFB15B23D8F9ED002D35B1 /* SceneDelegate.swift in Sources */ = {isa = PBXBuildFile; fileRef = 22EFB15A23D8F9ED002D35B1 /* SceneDelegate.swift */; };
		22EFB15D23D8F9ED002D35B1 /* NovoObjViewController.swift in Sources */ = {isa = PBXBuildFile; fileRef = 22EFB15C23D8F9ED002D35B1 /* NovoObjViewController.swift */; };
		22EFB16023D8F9ED002D35B1 /* Main.storyboard in Resources */ = {isa = PBXBuildFile; fileRef = 22EFB15E23D8F9ED002D35B1 /* Main.storyboard */; };
		22EFB16323D8F9ED002D35B1 /* Proativi.xcdatamodeld in Sources */ = {isa = PBXBuildFile; fileRef = 22EFB16123D8F9ED002D35B1 /* Proativi.xcdatamodeld */; };
		22EFB16523D8F9F2002D35B1 /* Assets.xcassets in Resources */ = {isa = PBXBuildFile; fileRef = 22EFB16423D8F9F2002D35B1 /* Assets.xcassets */; };
		22EFB16823D8F9F2002D35B1 /* LaunchScreen.storyboard in Resources */ = {isa = PBXBuildFile; fileRef = 22EFB16623D8F9F2002D35B1 /* LaunchScreen.storyboard */; };
		22EFB17023DA6BEE002D35B1 /* ObjtViewController.swift in Sources */ = {isa = PBXBuildFile; fileRef = 22EFB16F23DA6BEE002D35B1 /* ObjtViewController.swift */; };
/* End PBXBuildFile section */

/* Begin PBXFileReference section */
		223D80BE23E1CE2F002F5DFA /* Exo2-Medium.otf */ = {isa = PBXFileReference; lastKnownFileType = file; path = "Exo2-Medium.otf"; sourceTree = "<group>"; };
		223D80BF23E1CE2F002F5DFA /* Exo2-Black.otf */ = {isa = PBXFileReference; lastKnownFileType = file; path = "Exo2-Black.otf"; sourceTree = "<group>"; };
		223D80C023E1CE2F002F5DFA /* Exo2-Bold.otf */ = {isa = PBXFileReference; lastKnownFileType = file; path = "Exo2-Bold.otf"; sourceTree = "<group>"; };
		223D80C123E1CE2F002F5DFA /* Exo2-BoldItalic.otf */ = {isa = PBXFileReference; lastKnownFileType = file; path = "Exo2-BoldItalic.otf"; sourceTree = "<group>"; };
		223D80C223E1CE2F002F5DFA /* Exo2-LightCondensed.otf */ = {isa = PBXFileReference; lastKnownFileType = file; path = "Exo2-LightCondensed.otf"; sourceTree = "<group>"; };
		223D80C323E1CE2F002F5DFA /* Exo2-BlackItalic.otf */ = {isa = PBXFileReference; lastKnownFileType = file; path = "Exo2-BlackItalic.otf"; sourceTree = "<group>"; };
		223D80C423E1CE2F002F5DFA /* Exo2-Italic.otf */ = {isa = PBXFileReference; lastKnownFileType = file; path = "Exo2-Italic.otf"; sourceTree = "<group>"; };
		223D80C523E1CE2F002F5DFA /* Exo2-ExtraLight.otf */ = {isa = PBXFileReference; lastKnownFileType = file; path = "Exo2-ExtraLight.otf"; sourceTree = "<group>"; };
		223D80C623E1CE2F002F5DFA /* Exo2-MediumCondensed.otf */ = {isa = PBXFileReference; lastKnownFileType = file; path = "Exo2-MediumCondensed.otf"; sourceTree = "<group>"; };
		223D80C723E1CE2F002F5DFA /* Exo2-LightItalic.otf */ = {isa = PBXFileReference; lastKnownFileType = file; path = "Exo2-LightItalic.otf"; sourceTree = "<group>"; };
		223D80C823E1CE30002F5DFA /* Exo2-ExtraLightItalic.otf */ = {isa = PBXFileReference; lastKnownFileType = file; path = "Exo2-ExtraLightItalic.otf"; sourceTree = "<group>"; };
		223D80C923E1CE30002F5DFA /* Exo2-BlackCondensed.otf */ = {isa = PBXFileReference; lastKnownFileType = file; path = "Exo2-BlackCondensed.otf"; sourceTree = "<group>"; };
		223D80CA23E1CE30002F5DFA /* Exo2-Regular.otf */ = {isa = PBXFileReference; lastKnownFileType = file; path = "Exo2-Regular.otf"; sourceTree = "<group>"; };
		223D80CB23E1CE30002F5DFA /* Exo2-SemiBoldItalic.otf */ = {isa = PBXFileReference; lastKnownFileType = file; path = "Exo2-SemiBoldItalic.otf"; sourceTree = "<group>"; };
		223D80CC23E1CE30002F5DFA /* Exo2-RegularCondensed.otf */ = {isa = PBXFileReference; lastKnownFileType = file; path = "Exo2-RegularCondensed.otf"; sourceTree = "<group>"; };
		223D80CD23E1CE30002F5DFA /* Exo2-Thin.otf */ = {isa = PBXFileReference; lastKnownFileType = file; path = "Exo2-Thin.otf"; sourceTree = "<group>"; };
		223D80CE23E1CE30002F5DFA /* Exo2-ExtraBoldCondensed.otf */ = {isa = PBXFileReference; lastKnownFileType = file; path = "Exo2-ExtraBoldCondensed.otf"; sourceTree = "<group>"; };
		223D80CF23E1CE30002F5DFA /* Exo2-ExtraLightCondensed.otf */ = {isa = PBXFileReference; lastKnownFileType = file; path = "Exo2-ExtraLightCondensed.otf"; sourceTree = "<group>"; };
		223D80D023E1CE30002F5DFA /* Exo2-Light.otf */ = {isa = PBXFileReference; lastKnownFileType = file; path = "Exo2-Light.otf"; sourceTree = "<group>"; };
		223D80D123E1CE30002F5DFA /* Exo2-BoldCondensed.otf */ = {isa = PBXFileReference; lastKnownFileType = file; path = "Exo2-BoldCondensed.otf"; sourceTree = "<group>"; };
		223D80D223E1CE30002F5DFA /* Exo2-SemiBoldCondensed.otf */ = {isa = PBXFileReference; lastKnownFileType = file; path = "Exo2-SemiBoldCondensed.otf"; sourceTree = "<group>"; };
		223D80D323E1CE30002F5DFA /* Exo2-SemiBold.otf */ = {isa = PBXFileReference; lastKnownFileType = file; path = "Exo2-SemiBold.otf"; sourceTree = "<group>"; };
		223D80D423E1CE30002F5DFA /* Exo2-ThinCondensed.otf */ = {isa = PBXFileReference; lastKnownFileType = file; path = "Exo2-ThinCondensed.otf"; sourceTree = "<group>"; };
		223D80D523E1CE30002F5DFA /* Exo2-ExtraBold.otf */ = {isa = PBXFileReference; lastKnownFileType = file; path = "Exo2-ExtraBold.otf"; sourceTree = "<group>"; };
		223D80D623E1CE30002F5DFA /* Exo2-ThinItalic.otf */ = {isa = PBXFileReference; lastKnownFileType = file; path = "Exo2-ThinItalic.otf"; sourceTree = "<group>"; };
		223D80D723E1CE30002F5DFA /* Exo2-MediumItalic.otf */ = {isa = PBXFileReference; lastKnownFileType = file; path = "Exo2-MediumItalic.otf"; sourceTree = "<group>"; };
		223D80D823E1CE30002F5DFA /* Exo2-ExtraBoldItalic.otf */ = {isa = PBXFileReference; lastKnownFileType = file; path = "Exo2-ExtraBoldItalic.otf"; sourceTree = "<group>"; };
		223D80D923E241E2002F5DFA /* DetalheObjViewController.swift */ = {isa = PBXFileReference; lastKnownFileType = sourcecode.swift; path = DetalheObjViewController.swift; sourceTree = "<group>"; };
		223D80DB23E3B014002F5DFA /* ReflexCollectionViewCell.swift */ = {isa = PBXFileReference; lastKnownFileType = sourcecode.swift; path = ReflexCollectionViewCell.swift; sourceTree = "<group>"; };
		223D80DD23E3B06A002F5DFA /* ReflexaoViewController.swift */ = {isa = PBXFileReference; lastKnownFileType = sourcecode.swift; path = ReflexaoViewController.swift; sourceTree = "<group>"; };
		223D80DF23E3B078002F5DFA /* NovaReflexViewController.swift */ = {isa = PBXFileReference; lastKnownFileType = sourcecode.swift; path = NovaReflexViewController.swift; sourceTree = "<group>"; };
		223D80E123E3B088002F5DFA /* DetalheReflexViewController.swift */ = {isa = PBXFileReference; lastKnownFileType = sourcecode.swift; path = DetalheReflexViewController.swift; sourceTree = "<group>"; };
		22CC81B623DA738000058EC1 /* Objetivos.swift */ = {isa = PBXFileReference; lastKnownFileType = sourcecode.swift; path = Objetivos.swift; sourceTree = "<group>"; };
		22CC81B823DA74A700058EC1 /* Reflexao.swift */ = {isa = PBXFileReference; lastKnownFileType = sourcecode.swift; path = Reflexao.swift; sourceTree = "<group>"; };
		22CC81BC23DB915D00058EC1 /* ObjCollectionViewCell.swift */ = {isa = PBXFileReference; lastKnownFileType = sourcecode.swift; path = ObjCollectionViewCell.swift; sourceTree = "<group>"; };
		22EFB15523D8F9ED002D35B1 /* Proativi.app */ = {isa = PBXFileReference; explicitFileType = wrapper.application; includeInIndex = 0; path = Proativi.app; sourceTree = BUILT_PRODUCTS_DIR; };
		22EFB15823D8F9ED002D35B1 /* AppDelegate.swift */ = {isa = PBXFileReference; lastKnownFileType = sourcecode.swift; path = AppDelegate.swift; sourceTree = "<group>"; };
		22EFB15A23D8F9ED002D35B1 /* SceneDelegate.swift */ = {isa = PBXFileReference; lastKnownFileType = sourcecode.swift; path = SceneDelegate.swift; sourceTree = "<group>"; };
		22EFB15C23D8F9ED002D35B1 /* NovoObjViewController.swift */ = {isa = PBXFileReference; lastKnownFileType = sourcecode.swift; path = NovoObjViewController.swift; sourceTree = "<group>"; };
		22EFB15F23D8F9ED002D35B1 /* Base */ = {isa = PBXFileReference; lastKnownFileType = file.storyboard; name = Base; path = Base.lproj/Main.storyboard; sourceTree = "<group>"; };
		22EFB16223D8F9ED002D35B1 /* Proativi.xcdatamodel */ = {isa = PBXFileReference; lastKnownFileType = wrapper.xcdatamodel; path = Proativi.xcdatamodel; sourceTree = "<group>"; };
		22EFB16423D8F9F2002D35B1 /* Assets.xcassets */ = {isa = PBXFileReference; lastKnownFileType = folder.assetcatalog; path = Assets.xcassets; sourceTree = "<group>"; };
		22EFB16723D8F9F2002D35B1 /* Base */ = {isa = PBXFileReference; lastKnownFileType = file.storyboard; name = Base; path = Base.lproj/LaunchScreen.storyboard; sourceTree = "<group>"; };
		22EFB16923D8F9F2002D35B1 /* Info.plist */ = {isa = PBXFileReference; lastKnownFileType = text.plist.xml; path = Info.plist; sourceTree = "<group>"; };
		22EFB16F23DA6BEE002D35B1 /* ObjtViewController.swift */ = {isa = PBXFileReference; lastKnownFileType = sourcecode.swift; path = ObjtViewController.swift; sourceTree = "<group>"; };
/* End PBXFileReference section */

/* Begin PBXFrameworksBuildPhase section */
		22EFB15223D8F9ED002D35B1 /* Frameworks */ = {
			isa = PBXFrameworksBuildPhase;
			buildActionMask = 2147483647;
			files = (
			);
			runOnlyForDeploymentPostprocessing = 0;
		};
/* End PBXFrameworksBuildPhase section */

/* Begin PBXGroup section */
		223D80BD23E1CD9B002F5DFA /* Fonts */ = {
			isa = PBXGroup;
			children = (
				223D80BF23E1CE2F002F5DFA /* Exo2-Black.otf */,
				223D80C923E1CE30002F5DFA /* Exo2-BlackCondensed.otf */,
				223D80C323E1CE2F002F5DFA /* Exo2-BlackItalic.otf */,
				223D80C023E1CE2F002F5DFA /* Exo2-Bold.otf */,
				223D80D123E1CE30002F5DFA /* Exo2-BoldCondensed.otf */,
				223D80C123E1CE2F002F5DFA /* Exo2-BoldItalic.otf */,
				223D80D523E1CE30002F5DFA /* Exo2-ExtraBold.otf */,
				223D80CE23E1CE30002F5DFA /* Exo2-ExtraBoldCondensed.otf */,
				223D80D823E1CE30002F5DFA /* Exo2-ExtraBoldItalic.otf */,
				223D80C523E1CE2F002F5DFA /* Exo2-ExtraLight.otf */,
				223D80CF23E1CE30002F5DFA /* Exo2-ExtraLightCondensed.otf */,
				223D80C823E1CE30002F5DFA /* Exo2-ExtraLightItalic.otf */,
				223D80C423E1CE2F002F5DFA /* Exo2-Italic.otf */,
				223D80D023E1CE30002F5DFA /* Exo2-Light.otf */,
				223D80C223E1CE2F002F5DFA /* Exo2-LightCondensed.otf */,
				223D80C723E1CE2F002F5DFA /* Exo2-LightItalic.otf */,
				223D80BE23E1CE2F002F5DFA /* Exo2-Medium.otf */,
				223D80C623E1CE2F002F5DFA /* Exo2-MediumCondensed.otf */,
				223D80D723E1CE30002F5DFA /* Exo2-MediumItalic.otf */,
				223D80CA23E1CE30002F5DFA /* Exo2-Regular.otf */,
				223D80CC23E1CE30002F5DFA /* Exo2-RegularCondensed.otf */,
				223D80D323E1CE30002F5DFA /* Exo2-SemiBold.otf */,
				223D80D223E1CE30002F5DFA /* Exo2-SemiBoldCondensed.otf */,
				223D80CB23E1CE30002F5DFA /* Exo2-SemiBoldItalic.otf */,
				223D80CD23E1CE30002F5DFA /* Exo2-Thin.otf */,
				223D80D423E1CE30002F5DFA /* Exo2-ThinCondensed.otf */,
				223D80D623E1CE30002F5DFA /* Exo2-ThinItalic.otf */,
			);
			path = Fonts;
			sourceTree = "<group>";
		};
		22CC81B523DA736A00058EC1 /* Model */ = {
			isa = PBXGroup;
			children = (
				22CC81BA23DB912000058EC1 /* Objetos */,
				22CC81BC23DB915D00058EC1 /* ObjCollectionViewCell.swift */,
				223D80DB23E3B014002F5DFA /* ReflexCollectionViewCell.swift */,
			);
			path = Model;
			sourceTree = "<group>";
		};
		22CC81BA23DB912000058EC1 /* Objetos */ = {
			isa = PBXGroup;
			children = (
				22CC81B623DA738000058EC1 /* Objetivos.swift */,
				22CC81B823DA74A700058EC1 /* Reflexao.swift */,
			);
			path = Objetos;
			sourceTree = "<group>";
		};
		22EFB14C23D8F9ED002D35B1 = {
			isa = PBXGroup;
			children = (
				22EFB15723D8F9ED002D35B1 /* Proativi */,
				22EFB15623D8F9ED002D35B1 /* Products */,
			);
			sourceTree = "<group>";
		};
		22EFB15623D8F9ED002D35B1 /* Products */ = {
			isa = PBXGroup;
			children = (
				22EFB15523D8F9ED002D35B1 /* Proativi.app */,
			);
			name = Products;
			sourceTree = "<group>";
		};
		22EFB15723D8F9ED002D35B1 /* Proativi */ = {
			isa = PBXGroup;
			children = (
				223D80BD23E1CD9B002F5DFA /* Fonts */,
				22CC81B523DA736A00058EC1 /* Model */,
				22EFB17123DA6C8A002D35B1 /* Controller */,
				22EFB15823D8F9ED002D35B1 /* AppDelegate.swift */,
				22EFB15A23D8F9ED002D35B1 /* SceneDelegate.swift */,
				22EFB15E23D8F9ED002D35B1 /* Main.storyboard */,
				22EFB16423D8F9F2002D35B1 /* Assets.xcassets */,
				22EFB16623D8F9F2002D35B1 /* LaunchScreen.storyboard */,
				22EFB16923D8F9F2002D35B1 /* Info.plist */,
				22EFB16123D8F9ED002D35B1 /* Proativi.xcdatamodeld */,
			);
			path = Proativi;
			sourceTree = "<group>";
		};
		22EFB17123DA6C8A002D35B1 /* Controller */ = {
			isa = PBXGroup;
			children = (
				22EFB16F23DA6BEE002D35B1 /* ObjtViewController.swift */,
				22EFB15C23D8F9ED002D35B1 /* NovoObjViewController.swift */,
				223D80D923E241E2002F5DFA /* DetalheObjViewController.swift */,
				223D80DD23E3B06A002F5DFA /* ReflexaoViewController.swift */,
				223D80DF23E3B078002F5DFA /* NovaReflexViewController.swift */,
				223D80E123E3B088002F5DFA /* DetalheReflexViewController.swift */,
			);
			path = Controller;
			sourceTree = "<group>";
		};
/* End PBXGroup section */

/* Begin PBXNativeTarget section */
		22EFB15423D8F9ED002D35B1 /* Proativi */ = {
			isa = PBXNativeTarget;
			buildConfigurationList = 22EFB16C23D8F9F2002D35B1 /* Build configuration list for PBXNativeTarget "Proativi" */;
			buildPhases = (
				22EFB15123D8F9ED002D35B1 /* Sources */,
				22EFB15223D8F9ED002D35B1 /* Frameworks */,
				22EFB15323D8F9ED002D35B1 /* Resources */,
			);
			buildRules = (
			);
			dependencies = (
			);
			name = Proativi;
			productName = Proativi;
			productReference = 22EFB15523D8F9ED002D35B1 /* Proativi.app */;
			productType = "com.apple.product-type.application";
		};
/* End PBXNativeTarget section */

/* Begin PBXProject section */
		22EFB14D23D8F9ED002D35B1 /* Project object */ = {
			isa = PBXProject;
			attributes = {
				LastSwiftUpdateCheck = 1130;
				LastUpgradeCheck = 1130;
				ORGANIZATIONNAME = "Victor Falcetta do Nascimento";
				TargetAttributes = {
					22EFB15423D8F9ED002D35B1 = {
						CreatedOnToolsVersion = 11.3;
					};
				};
			};
			buildConfigurationList = 22EFB15023D8F9ED002D35B1 /* Build configuration list for PBXProject "Proativi" */;
			compatibilityVersion = "Xcode 9.3";
			developmentRegion = en;
			hasScannedForEncodings = 0;
			knownRegions = (
				en,
				Base,
			);
			mainGroup = 22EFB14C23D8F9ED002D35B1;
			productRefGroup = 22EFB15623D8F9ED002D35B1 /* Products */;
			projectDirPath = "";
			projectRoot = "";
			targets = (
				22EFB15423D8F9ED002D35B1 /* Proativi */,
			);
		};
/* End PBXProject section */

/* Begin PBXResourcesBuildPhase section */
		22EFB15323D8F9ED002D35B1 /* Resources */ = {
			isa = PBXResourcesBuildPhase;
			buildActionMask = 2147483647;
			files = (
				22EFB16823D8F9F2002D35B1 /* LaunchScreen.storyboard in Resources */,
				22EFB16523D8F9F2002D35B1 /* Assets.xcassets in Resources */,
				22EFB16023D8F9ED002D35B1 /* Main.storyboard in Resources */,
			);
			runOnlyForDeploymentPostprocessing = 0;
		};
/* End PBXResourcesBuildPhase section */

/* Begin PBXSourcesBuildPhase section */
		22EFB15123D8F9ED002D35B1 /* Sources */ = {
			isa = PBXSourcesBuildPhase;
			buildActionMask = 2147483647;
			files = (
				22CC81BD23DB915D00058EC1 /* ObjCollectionViewCell.swift in Sources */,
				22CC81B923DA74A700058EC1 /* Reflexao.swift in Sources */,
				22EFB15D23D8F9ED002D35B1 /* NovoObjViewController.swift in Sources */,
				223D80DE23E3B06A002F5DFA /* ReflexaoViewController.swift in Sources */,
				22CC81B723DA738000058EC1 /* Objetivos.swift in Sources */,
				22EFB17023DA6BEE002D35B1 /* ObjtViewController.swift in Sources */,
				223D80E023E3B078002F5DFA /* NovaReflexViewController.swift in Sources */,
				223D80E223E3B088002F5DFA /* DetalheReflexViewController.swift in Sources */,
				22EFB15923D8F9ED002D35B1 /* AppDelegate.swift in Sources */,
				223D80DC23E3B014002F5DFA /* ReflexCollectionViewCell.swift in Sources */,
				22EFB15B23D8F9ED002D35B1 /* SceneDelegate.swift in Sources */,
				22EFB16323D8F9ED002D35B1 /* Proativi.xcdatamodeld in Sources */,
				223D80DA23E241E2002F5DFA /* DetalheObjViewController.swift in Sources */,
			);
			runOnlyForDeploymentPostprocessing = 0;
		};
/* End PBXSourcesBuildPhase section */

/* Begin PBXVariantGroup section */
		22EFB15E23D8F9ED002D35B1 /* Main.storyboard */ = {
			isa = PBXVariantGroup;
			children = (
				22EFB15F23D8F9ED002D35B1 /* Base */,
			);
			name = Main.storyboard;
			sourceTree = "<group>";
		};
		22EFB16623D8F9F2002D35B1 /* LaunchScreen.storyboard */ = {
			isa = PBXVariantGroup;
			children = (
				22EFB16723D8F9F2002D35B1 /* Base */,
			);
			name = LaunchScreen.storyboard;
			sourceTree = "<group>";
		};
/* End PBXVariantGroup section */

/* Begin XCBuildConfiguration section */
		22EFB16A23D8F9F2002D35B1 /* Debug */ = {
			isa = XCBuildConfiguration;
			buildSettings = {
				ALWAYS_SEARCH_USER_PATHS = NO;
				CLANG_ANALYZER_NONNULL = YES;
				CLANG_ANALYZER_NUMBER_OBJECT_CONVERSION = YES_AGGRESSIVE;
				CLANG_CXX_LANGUAGE_STANDARD = "gnu++14";
				CLANG_CXX_LIBRARY = "libc++";
				CLANG_ENABLE_MODULES = YES;
				CLANG_ENABLE_OBJC_ARC = YES;
				CLANG_ENABLE_OBJC_WEAK = YES;
				CLANG_WARN_BLOCK_CAPTURE_AUTORELEASING = YES;
				CLANG_WARN_BOOL_CONVERSION = YES;
				CLANG_WARN_COMMA = YES;
				CLANG_WARN_CONSTANT_CONVERSION = YES;
				CLANG_WARN_DEPRECATED_OBJC_IMPLEMENTATIONS = YES;
				CLANG_WARN_DIRECT_OBJC_ISA_USAGE = YES_ERROR;
				CLANG_WARN_DOCUMENTATION_COMMENTS = YES;
				CLANG_WARN_EMPTY_BODY = YES;
				CLANG_WARN_ENUM_CONVERSION = YES;
				CLANG_WARN_INFINITE_RECURSION = YES;
				CLANG_WARN_INT_CONVERSION = YES;
				CLANG_WARN_NON_LITERAL_NULL_CONVERSION = YES;
				CLANG_WARN_OBJC_IMPLICIT_RETAIN_SELF = YES;
				CLANG_WARN_OBJC_LITERAL_CONVERSION = YES;
				CLANG_WARN_OBJC_ROOT_CLASS = YES_ERROR;
				CLANG_WARN_RANGE_LOOP_ANALYSIS = YES;
				CLANG_WARN_STRICT_PROTOTYPES = YES;
				CLANG_WARN_SUSPICIOUS_MOVE = YES;
				CLANG_WARN_UNGUARDED_AVAILABILITY = YES_AGGRESSIVE;
				CLANG_WARN_UNREACHABLE_CODE = YES;
				CLANG_WARN__DUPLICATE_METHOD_MATCH = YES;
				COPY_PHASE_STRIP = NO;
				DEBUG_INFORMATION_FORMAT = dwarf;
				ENABLE_STRICT_OBJC_MSGSEND = YES;
				ENABLE_TESTABILITY = YES;
				GCC_C_LANGUAGE_STANDARD = gnu11;
				GCC_DYNAMIC_NO_PIC = NO;
				GCC_NO_COMMON_BLOCKS = YES;
				GCC_OPTIMIZATION_LEVEL = 0;
				GCC_PREPROCESSOR_DEFINITIONS = (
					"DEBUG=1",
					"$(inherited)",
				);
				GCC_WARN_64_TO_32_BIT_CONVERSION = YES;
				GCC_WARN_ABOUT_RETURN_TYPE = YES_ERROR;
				GCC_WARN_UNDECLARED_SELECTOR = YES;
				GCC_WARN_UNINITIALIZED_AUTOS = YES_AGGRESSIVE;
				GCC_WARN_UNUSED_FUNCTION = YES;
				GCC_WARN_UNUSED_VARIABLE = YES;
				IPHONEOS_DEPLOYMENT_TARGET = 13.2;
				MTL_ENABLE_DEBUG_INFO = INCLUDE_SOURCE;
				MTL_FAST_MATH = YES;
				ONLY_ACTIVE_ARCH = YES;
				SDKROOT = iphoneos;
				SWIFT_ACTIVE_COMPILATION_CONDITIONS = DEBUG;
				SWIFT_OPTIMIZATION_LEVEL = "-Onone";
			};
			name = Debug;
		};
		22EFB16B23D8F9F2002D35B1 /* Release */ = {
			isa = XCBuildConfiguration;
			buildSettings = {
				ALWAYS_SEARCH_USER_PATHS = NO;
				CLANG_ANALYZER_NONNULL = YES;
				CLANG_ANALYZER_NUMBER_OBJECT_CONVERSION = YES_AGGRESSIVE;
				CLANG_CXX_LANGUAGE_STANDARD = "gnu++14";
				CLANG_CXX_LIBRARY = "libc++";
				CLANG_ENABLE_MODULES = YES;
				CLANG_ENABLE_OBJC_ARC = YES;
				CLANG_ENABLE_OBJC_WEAK = YES;
				CLANG_WARN_BLOCK_CAPTURE_AUTORELEASING = YES;
				CLANG_WARN_BOOL_CONVERSION = YES;
				CLANG_WARN_COMMA = YES;
				CLANG_WARN_CONSTANT_CONVERSION = YES;
				CLANG_WARN_DEPRECATED_OBJC_IMPLEMENTATIONS = YES;
				CLANG_WARN_DIRECT_OBJC_ISA_USAGE = YES_ERROR;
				CLANG_WARN_DOCUMENTATION_COMMENTS = YES;
				CLANG_WARN_EMPTY_BODY = YES;
				CLANG_WARN_ENUM_CONVERSION = YES;
				CLANG_WARN_INFINITE_RECURSION = YES;
				CLANG_WARN_INT_CONVERSION = YES;
				CLANG_WARN_NON_LITERAL_NULL_CONVERSION = YES;
				CLANG_WARN_OBJC_IMPLICIT_RETAIN_SELF = YES;
				CLANG_WARN_OBJC_LITERAL_CONVERSION = YES;
				CLANG_WARN_OBJC_ROOT_CLASS = YES_ERROR;
				CLANG_WARN_RANGE_LOOP_ANALYSIS = YES;
				CLANG_WARN_STRICT_PROTOTYPES = YES;
				CLANG_WARN_SUSPICIOUS_MOVE = YES;
				CLANG_WARN_UNGUARDED_AVAILABILITY = YES_AGGRESSIVE;
				CLANG_WARN_UNREACHABLE_CODE = YES;
				CLANG_WARN__DUPLICATE_METHOD_MATCH = YES;
				COPY_PHASE_STRIP = NO;
				DEBUG_INFORMATION_FORMAT = "dwarf-with-dsym";
				ENABLE_NS_ASSERTIONS = NO;
				ENABLE_STRICT_OBJC_MSGSEND = YES;
				GCC_C_LANGUAGE_STANDARD = gnu11;
				GCC_NO_COMMON_BLOCKS = YES;
				GCC_WARN_64_TO_32_BIT_CONVERSION = YES;
				GCC_WARN_ABOUT_RETURN_TYPE = YES_ERROR;
				GCC_WARN_UNDECLARED_SELECTOR = YES;
				GCC_WARN_UNINITIALIZED_AUTOS = YES_AGGRESSIVE;
				GCC_WARN_UNUSED_FUNCTION = YES;
				GCC_WARN_UNUSED_VARIABLE = YES;
				IPHONEOS_DEPLOYMENT_TARGET = 13.2;
				MTL_ENABLE_DEBUG_INFO = NO;
				MTL_FAST_MATH = YES;
				SDKROOT = iphoneos;
				SWIFT_COMPILATION_MODE = wholemodule;
				SWIFT_OPTIMIZATION_LEVEL = "-O";
				VALIDATE_PRODUCT = YES;
			};
			name = Release;
		};
		22EFB16D23D8F9F2002D35B1 /* Debug */ = {
			isa = XCBuildConfiguration;
			buildSettings = {
				ASSETCATALOG_COMPILER_APPICON_NAME = AppIcon;
				CODE_SIGN_STYLE = Automatic;
				DEVELOPMENT_TEAM = 4LXC4A87QZ;
				INFOPLIST_FILE = Proativi/Info.plist;
				LD_RUNPATH_SEARCH_PATHS = (
					"$(inherited)",
					"@executable_path/Frameworks",
				);
				PRODUCT_BUNDLE_IDENTIFIER = com.victorfalcetta.Proativi;
				PRODUCT_NAME = "$(TARGET_NAME)";
				SWIFT_VERSION = 5.0;
				TARGETED_DEVICE_FAMILY = "1,2";
			};
			name = Debug;
		};
		22EFB16E23D8F9F2002D35B1 /* Release */ = {
			isa = XCBuildConfiguration;
			buildSettings = {
				ASSETCATALOG_COMPILER_APPICON_NAME = AppIcon;
				CODE_SIGN_STYLE = Automatic;
				DEVELOPMENT_TEAM = 4LXC4A87QZ;
				INFOPLIST_FILE = Proativi/Info.plist;
				LD_RUNPATH_SEARCH_PATHS = (
					"$(inherited)",
					"@executable_path/Frameworks",
				);
				PRODUCT_BUNDLE_IDENTIFIER = com.victorfalcetta.Proativi;
				PRODUCT_NAME = "$(TARGET_NAME)";
				SWIFT_VERSION = 5.0;
				TARGETED_DEVICE_FAMILY = "1,2";
			};
			name = Release;
		};
/* End XCBuildConfiguration section */

/* Begin XCConfigurationList section */
		22EFB15023D8F9ED002D35B1 /* Build configuration list for PBXProject "Proativi" */ = {
			isa = XCConfigurationList;
			buildConfigurations = (
				22EFB16A23D8F9F2002D35B1 /* Debug */,
				22EFB16B23D8F9F2002D35B1 /* Release */,
			);
			defaultConfigurationIsVisible = 0;
			defaultConfigurationName = Release;
		};
		22EFB16C23D8F9F2002D35B1 /* Build configuration list for PBXNativeTarget "Proativi" */ = {
			isa = XCConfigurationList;
			buildConfigurations = (
				22EFB16D23D8F9F2002D35B1 /* Debug */,
				22EFB16E23D8F9F2002D35B1 /* Release */,
			);
			defaultConfigurationIsVisible = 0;
			defaultConfigurationName = Release;
		};
/* End XCConfigurationList section */

/* Begin XCVersionGroup section */
		22EFB16123D8F9ED002D35B1 /* Proativi.xcdatamodeld */ = {
			isa = XCVersionGroup;
			children = (
				22EFB16223D8F9ED002D35B1 /* Proativi.xcdatamodel */,
			);
			currentVersion = 22EFB16223D8F9ED002D35B1 /* Proativi.xcdatamodel */;
			path = Proativi.xcdatamodeld;
			sourceTree = "<group>";
			versionGroupType = wrapper.xcdatamodel;
		};
/* End XCVersionGroup section */
	};
	rootObject = 22EFB14D23D8F9ED002D35B1 /* Project object */;
}
